
Microsoft Visual Studio Solution File, Format Version 11.00
# Visual Studio 2010
Project("{FAE04EC0-301F-11D3-BF4B-00C04F79EFBC}") = "Emirates.Scheduler.SP2007", "Emirates.Scheduler.SP2007\Emirates.Scheduler.SP2007.csproj", "{EEB2808E-B366-41F6-BAAF-3F0A1A98EA7D}"
EndProject
Global
	GlobalSection(SolutionConfigurationPlatforms) = preSolution
		Debug|x86 = Debug|x86
		Release|x86 = Release|x86
	EndGlobalSection
	GlobalSection(ProjectConfigurationPlatforms) = postSolution
		{EEB2808E-B366-41F6-BAAF-3F0A1A98EA7D}.Debug|x86.ActiveCfg = Debug|x86
		{EEB2808E-B366-41F6-BAAF-3F0A1A98EA7D}.Debug|x86.Build.0 = Debug|x86
		{EEB2808E-B366-41F6-BAAF-3F0A1A98EA7D}.Release|x86.ActiveCfg = Release|x86
		{EEB2808E-B366-41F6-BAAF-3F0A1A98EA7D}.Release|x86.Build.0 = Release|x86
	EndGlobalSection
	GlobalSection(SolutionProperties) = preSolution
		HideSolutionNode = FALSE
	EndGlobalSection
EndGlobal
